
Microsoft Visual Studio Solution File, Format Version 12.00
# Visual Studio 14
VisualStudioVersion = 14.0.25420.1
MinimumVisualStudioVersion = 10.0.40219.1
Project("{FAE04EC0-301F-11D3-BF4B-00C04F79EFBC}") = "ZipWarAirGanon", "ZipWarAirGanon\ZipWarAirGanon\ZipWarAirGanon.csproj", "{661140F8-E378-4D4F-9419-AD9398C6BC2A}"
EndProject
Project("{FAE04EC0-301F-11D3-BF4B-00C04F79EFBC}") = "ZipWarAirGanon.Droid", "ZipWarAirGanon\ZipWarAirGanon.Droid\ZipWarAirGanon.Droid.csproj", "{8E50DD83-09E3-43DA-BF07-4E1E27A41F19}"
EndProject
Project("{FAE04EC0-301F-11D3-BF4B-00C04F79EFBC}") = "ZipWarAirGanon.iOS", "ZipWarAirGanon\ZipWarAirGanon.iOS\ZipWarAirGanon.iOS.csproj", "{35F1167D-8DA5-4DE5-AB32-BD865DE768DD}"
EndProject
Project("{FAE04EC0-301F-11D3-BF4B-00C04F79EFBC}") = "ZipWarAirGanon.UWP", "ZipWarAirGanon\ZipWarAirGanon.UWP\ZipWarAirGanon.UWP.csproj", "{0CFDD1FA-D07C-4437-88EE-E9388F5718E3}"
EndProject
Global
	GlobalSection(SolutionConfigurationPlatforms) = preSolution
		Ad-Hoc|Any CPU = Ad-Hoc|Any CPU
		Ad-Hoc|ARM = Ad-Hoc|ARM
		Ad-Hoc|iPhone = Ad-Hoc|iPhone
		Ad-Hoc|iPhoneSimulator = Ad-Hoc|iPhoneSimulator
		Ad-Hoc|x64 = Ad-Hoc|x64
		Ad-Hoc|x86 = Ad-Hoc|x86
		AppStore|Any CPU = AppStore|Any CPU
		AppStore|ARM = AppStore|ARM
		AppStore|iPhone = AppStore|iPhone
		AppStore|iPhoneSimulator = AppStore|iPhoneSimulator
		AppStore|x64 = AppStore|x64
		AppStore|x86 = AppStore|x86
		Debug|Any CPU = Debug|Any CPU
		Debug|ARM = Debug|ARM
		Debug|iPhone = Debug|iPhone
		Debug|iPhoneSimulator = Debug|iPhoneSimulator
		Debug|x64 = Debug|x64
		Debug|x86 = Debug|x86
		Release|Any CPU = Release|Any CPU
		Release|ARM = Release|ARM
		Release|iPhone = Release|iPhone
		Release|iPhoneSimulator = Release|iPhoneSimulator
		Release|x64 = Release|x64
		Release|x86 = Release|x86
	EndGlobalSection
	GlobalSection(ProjectConfigurationPlatforms) = postSolution
		{661140F8-E378-4D4F-9419-AD9398C6BC2A}.Ad-Hoc|Any CPU.ActiveCfg = Release|Any CPU
		{661140F8-E378-4D4F-9419-AD9398C6BC2A}.Ad-Hoc|Any CPU.Build.0 = Release|Any CPU
		{661140F8-E378-4D4F-9419-AD9398C6BC2A}.Ad-Hoc|ARM.ActiveCfg = Release|Any CPU
		{661140F8-E378-4D4F-9419-AD9398C6BC2A}.Ad-Hoc|ARM.Build.0 = Release|Any CPU
		{661140F8-E378-4D4F-9419-AD9398C6BC2A}.Ad-Hoc|iPhone.ActiveCfg = Release|Any CPU
		{661140F8-E378-4D4F-9419-AD9398C6BC2A}.Ad-Hoc|iPhone.Build.0 = Release|Any CPU
		{661140F8-E378-4D4F-9419-AD9398C6BC2A}.Ad-Hoc|iPhoneSimulator.ActiveCfg = Release|Any CPU
		{661140F8-E378-4D4F-9419-AD9398C6BC2A}.Ad-Hoc|iPhoneSimulator.Build.0 = Release|Any CPU
		{661140F8-E378-4D4F-9419-AD9398C6BC2A}.Ad-Hoc|x64.ActiveCfg = Release|Any CPU
		{661140F8-E378-4D4F-9419-AD9398C6BC2A}.Ad-Hoc|x64.Build.0 = Release|Any CPU
		{661140F8-E378-4D4F-9419-AD9398C6BC2A}.Ad-Hoc|x86.ActiveCfg = Release|Any CPU
		{661140F8-E378-4D4F-9419-AD9398C6BC2A}.Ad-Hoc|x86.Build.0 = Release|Any CPU
		{661140F8-E378-4D4F-9419-AD9398C6BC2A}.AppStore|Any CPU.ActiveCfg = Release|Any CPU
		{661140F8-E378-4D4F-9419-AD9398C6BC2A}.AppStore|Any CPU.Build.0 = Release|Any CPU
		{661140F8-E378-4D4F-9419-AD9398C6BC2A}.AppStore|ARM.ActiveCfg = Release|Any CPU
		{661140F8-E378-4D4F-9419-AD9398C6BC2A}.AppStore|ARM.Build.0 = Release|Any CPU
		{661140F8-E378-4D4F-9419-AD9398C6BC2A}.AppStore|iPhone.ActiveCfg = Release|Any CPU
		{661140F8-E378-4D4F-9419-AD9398C6BC2A}.AppStore|iPhone.Build.0 = Release|Any CPU
		{661140F8-E378-4D4F-9419-AD9398C6BC2A}.AppStore|iPhoneSimulator.ActiveCfg = Release|Any CPU
		{661140F8-E378-4D4F-9419-AD9398C6BC2A}.AppStore|iPhoneSimulator.Build.0 = Release|Any CPU
		{661140F8-E378-4D4F-9419-AD9398C6BC2A}.AppStore|x64.ActiveCfg = Release|Any CPU
		{661140F8-E378-4D4F-9419-AD9398C6BC2A}.AppStore|x64.Build.0 = Release|Any CPU
		{661140F8-E378-4D4F-9419-AD9398C6BC2A}.AppStore|x86.ActiveCfg = Release|Any CPU
		{661140F8-E378-4D4F-9419-AD9398C6BC2A}.AppStore|x86.Build.0 = Release|Any CPU
		{661140F8-E378-4D4F-9419-AD9398C6BC2A}.Debug|Any CPU.ActiveCfg = Debug|Any CPU
		{661140F8-E378-4D4F-9419-AD9398C6BC2A}.Debug|Any CPU.Build.0 = Debug|Any CPU
		{661140F8-E378-4D4F-9419-AD9398C6BC2A}.Debug|ARM.ActiveCfg = Debug|Any CPU
		{661140F8-E378-4D4F-9419-AD9398C6BC2A}.Debug|ARM.Build.0 = Debug|Any CPU
		{661140F8-E378-4D4F-9419-AD9398C6BC2A}.Debug|iPhone.ActiveCfg = Debug|Any CPU
		{661140F8-E378-4D4F-9419-AD9398C6BC2A}.Debug|iPhone.Build.0 = Debug|Any CPU
		{661140F8-E378-4D4F-9419-AD9398C6BC2A}.Debug|iPhoneSimulator.ActiveCfg = Debug|Any CPU
		{661140F8-E378-4D4F-9419-AD9398C6BC2A}.Debug|iPhoneSimulator.Build.0 = Debug|Any CPU
		{661140F8-E378-4D4F-9419-AD9398C6BC2A}.Debug|x64.ActiveCfg = Debug|Any CPU
		{661140F8-E378-4D4F-9419-AD9398C6BC2A}.Debug|x64.Build.0 = Debug|Any CPU
		{661140F8-E378-4D4F-9419-AD9398C6BC2A}.Debug|x86.ActiveCfg = Debug|Any CPU
		{661140F8-E378-4D4F-9419-AD9398C6BC2A}.Debug|x86.Build.0 = Debug|Any CPU
		{661140F8-E378-4D4F-9419-AD9398C6BC2A}.Release|Any CPU.ActiveCfg = Release|Any CPU
		{661140F8-E378-4D4F-9419-AD9398C6BC2A}.Release|Any CPU.Build.0 = Release|Any CPU
		{661140F8-E378-4D4F-9419-AD9398C6BC2A}.Release|ARM.ActiveCfg = Release|Any CPU
		{661140F8-E378-4D4F-9419-AD9398C6BC2A}.Release|ARM.Build.0 = Release|Any CPU
		{661140F8-E378-4D4F-9419-AD9398C6BC2A}.Release|iPhone.ActiveCfg = Release|Any CPU
		{661140F8-E378-4D4F-9419-AD9398C6BC2A}.Release|iPhone.Build.0 = Release|Any CPU
		{661140F8-E378-4D4F-9419-AD9398C6BC2A}.Release|iPhoneSimulator.ActiveCfg = Release|Any CPU
		{661140F8-E378-4D4F-9419-AD9398C6BC2A}.Release|iPhoneSimulator.Build.0 = Release|Any CPU
		{661140F8-E378-4D4F-9419-AD9398C6BC2A}.Release|x64.ActiveCfg = Release|Any CPU
		{661140F8-E378-4D4F-9419-AD9398C6BC2A}.Release|x64.Build.0 = Release|Any CPU
		{661140F8-E378-4D4F-9419-AD9398C6BC2A}.Release|x86.ActiveCfg = Release|Any CPU
		{661140F8-E378-4D4F-9419-AD9398C6BC2A}.Release|x86.Build.0 = Release|Any CPU
		{8E50DD83-09E3-43DA-BF07-4E1E27A41F19}.Ad-Hoc|Any CPU.ActiveCfg = Release|Any CPU
		{8E50DD83-09E3-43DA-BF07-4E1E27A41F19}.Ad-Hoc|Any CPU.Build.0 = Release|Any CPU
		{8E50DD83-09E3-43DA-BF07-4E1E27A41F19}.Ad-Hoc|Any CPU.Deploy.0 = Release|Any CPU
		{8E50DD83-09E3-43DA-BF07-4E1E27A41F19}.Ad-Hoc|ARM.ActiveCfg = Release|Any CPU
		{8E50DD83-09E3-43DA-BF07-4E1E27A41F19}.Ad-Hoc|ARM.Build.0 = Release|Any CPU
		{8E50DD83-09E3-43DA-BF07-4E1E27A41F19}.Ad-Hoc|ARM.Deploy.0 = Release|Any CPU
		{8E50DD83-09E3-43DA-BF07-4E1E27A41F19}.Ad-Hoc|iPhone.ActiveCfg = Release|Any CPU
		{8E50DD83-09E3-43DA-BF07-4E1E27A41F19}.Ad-Hoc|iPhone.Build.0 = Release|Any CPU
		{8E50DD83-09E3-43DA-BF07-4E1E27A41F19}.Ad-Hoc|iPhone.Deploy.0 = Release|Any CPU
		{8E50DD83-09E3-43DA-BF07-4E1E27A41F19}.Ad-Hoc|iPhoneSimulator.ActiveCfg = Release|Any CPU
		{8E50DD83-09E3-43DA-BF07-4E1E27A41F19}.Ad-Hoc|iPhoneSimulator.Build.0 = Release|Any CPU
		{8E50DD83-09E3-43DA-BF07-4E1E27A41F19}.Ad-Hoc|iPhoneSimulator.Deploy.0 = Release|Any CPU
		{8E50DD83-09E3-43DA-BF07-4E1E27A41F19}.Ad-Hoc|x64.ActiveCfg = Release|Any CPU
		{8E50DD83-09E3-43DA-BF07-4E1E27A41F19}.Ad-Hoc|x64.Build.0 = Release|Any CPU
		{8E50DD83-09E3-43DA-BF07-4E1E27A41F19}.Ad-Hoc|x64.Deploy.0 = Release|Any CPU
		{8E50DD83-09E3-43DA-BF07-4E1E27A41F19}.Ad-Hoc|x86.ActiveCfg = Release|Any CPU
		{8E50DD83-09E3-43DA-BF07-4E1E27A41F19}.Ad-Hoc|x86.Build.0 = Release|Any CPU
		{8E50DD83-09E3-43DA-BF07-4E1E27A41F19}.Ad-Hoc|x86.Deploy.0 = Release|Any CPU
		{8E50DD83-09E3-43DA-BF07-4E1E27A41F19}.AppStore|Any CPU.ActiveCfg = Release|Any CPU
		{8E50DD83-09E3-43DA-BF07-4E1E27A41F19}.AppStore|Any CPU.Build.0 = Release|Any CPU
		{8E50DD83-09E3-43DA-BF07-4E1E27A41F19}.AppStore|Any CPU.Deploy.0 = Release|Any CPU
		{8E50DD83-09E3-43DA-BF07-4E1E27A41F19}.AppStore|ARM.ActiveCfg = Release|Any CPU
		{8E50DD83-09E3-43DA-BF07-4E1E27A41F19}.AppStore|ARM.Build.0 = Release|Any CPU
		{8E50DD83-09E3-43DA-BF07-4E1E27A41F19}.AppStore|ARM.Deploy.0 = Release|Any CPU
		{8E50DD83-09E3-43DA-BF07-4E1E27A41F19}.AppStore|iPhone.ActiveCfg = Release|Any CPU
		{8E50DD83-09E3-43DA-BF07-4E1E27A41F19}.AppStore|iPhone.Build.0 = Release|Any CPU
		{8E50DD83-09E3-43DA-BF07-4E1E27A41F19}.AppStore|iPhone.Deploy.0 = Release|Any CPU
		{8E50DD83-09E3-43DA-BF07-4E1E27A41F19}.AppStore|iPhoneSimulator.ActiveCfg = Release|Any CPU
		{8E50DD83-09E3-43DA-BF07-4E1E27A41F19}.AppStore|iPhoneSimulator.Build.0 = Release|Any CPU
		{8E50DD83-09E3-43DA-BF07-4E1E27A41F19}.AppStore|iPhoneSimulator.Deploy.0 = Release|Any CPU
		{8E50DD83-09E3-43DA-BF07-4E1E27A41F19}.AppStore|x64.ActiveCfg = Release|Any CPU
		{8E50DD83-09E3-43DA-BF07-4E1E27A41F19}.AppStore|x64.Build.0 = Release|Any CPU
		{8E50DD83-09E3-43DA-BF07-4E1E27A41F19}.AppStore|x64.Deploy.0 = Release|Any CPU
		{8E50DD83-09E3-43DA-BF07-4E1E27A41F19}.AppStore|x86.ActiveCfg = Release|Any CPU
		{8E50DD83-09E3-43DA-BF07-4E1E27A41F19}.AppStore|x86.Build.0 = Release|Any CPU
		{8E50DD83-09E3-43DA-BF07-4E1E27A41F19}.AppStore|x86.Deploy.0 = Release|Any CPU
		{8E50DD83-09E3-43DA-BF07-4E1E27A41F19}.Debug|Any CPU.ActiveCfg = Debug|Any CPU
		{8E50DD83-09E3-43DA-BF07-4E1E27A41F19}.Debug|Any CPU.Build.0 = Debug|Any CPU
		{8E50DD83-09E3-43DA-BF07-4E1E27A41F19}.Debug|Any CPU.Deploy.0 = Debug|Any CPU
		{8E50DD83-09E3-43DA-BF07-4E1E27A41F19}.Debug|ARM.ActiveCfg = Debug|Any CPU
		{8E50DD83-09E3-43DA-BF07-4E1E27A41F19}.Debug|ARM.Build.0 = Debug|Any CPU
		{8E50DD83-09E3-43DA-BF07-4E1E27A41F19}.Debug|ARM.Deploy.0 = Debug|Any CPU
		{8E50DD83-09E3-43DA-BF07-4E1E27A41F19}.Debug|iPhone.ActiveCfg = Debug|Any CPU
		{8E50DD83-09E3-43DA-BF07-4E1E27A41F19}.Debug|iPhone.Build.0 = Debug|Any CPU
		{8E50DD83-09E3-43DA-BF07-4E1E27A41F19}.Debug|iPhone.Deploy.0 = Debug|Any CPU
		{8E50DD83-09E3-43DA-BF07-4E1E27A41F19}.Debug|iPhoneSimulator.ActiveCfg = Debug|Any CPU
		{8E50DD83-09E3-43DA-BF07-4E1E27A41F19}.Debug|iPhoneSimulator.Build.0 = Debug|Any CPU
		{8E50DD83-09E3-43DA-BF07-4E1E27A41F19}.Debug|iPhoneSimulator.Deploy.0 = Debug|Any CPU
		{8E50DD83-09E3-43DA-BF07-4E1E27A41F19}.Debug|x64.ActiveCfg = Debug|Any CPU
		{8E50DD83-09E3-43DA-BF07-4E1E27A41F19}.Debug|x64.Build.0 = Debug|Any CPU
		{8E50DD83-09E3-43DA-BF07-4E1E27A41F19}.Debug|x64.Deploy.0 = Debug|Any CPU
		{8E50DD83-09E3-43DA-BF07-4E1E27A41F19}.Debug|x86.ActiveCfg = Debug|Any CPU
		{8E50DD83-09E3-43DA-BF07-4E1E27A41F19}.Debug|x86.Build.0 = Debug|Any CPU
		{8E50DD83-09E3-43DA-BF07-4E1E27A41F19}.Debug|x86.Deploy.0 = Debug|Any CPU
		{8E50DD83-09E3-43DA-BF07-4E1E27A41F19}.Release|Any CPU.ActiveCfg = Release|Any CPU
		{8E50DD83-09E3-43DA-BF07-4E1E27A41F19}.Release|Any CPU.Build.0 = Release|Any CPU
		{8E50DD83-09E3-43DA-BF07-4E1E27A41F19}.Release|Any CPU.Deploy.0 = Release|Any CPU
		{8E50DD83-09E3-43DA-BF07-4E1E27A41F19}.Release|ARM.ActiveCfg = Release|Any CPU
		{8E50DD83-09E3-43DA-BF07-4E1E27A41F19}.Release|ARM.Build.0 = Release|Any CPU
		{8E50DD83-09E3-43DA-BF07-4E1E27A41F19}.Release|ARM.Deploy.0 = Release|Any CPU
		{8E50DD83-09E3-43DA-BF07-4E1E27A41F19}.Release|iPhone.ActiveCfg = Release|Any CPU
		{8E50DD83-09E3-43DA-BF07-4E1E27A41F19}.Release|iPhone.Build.0 = Release|Any CPU
		{8E50DD83-09E3-43DA-BF07-4E1E27A41F19}.Release|iPhone.Deploy.0 = Release|Any CPU
		{8E50DD83-09E3-43DA-BF07-4E1E27A41F19}.Release|iPhoneSimulator.ActiveCfg = Release|Any CPU
		{8E50DD83-09E3-43DA-BF07-4E1E27A41F19}.Release|iPhoneSimulator.Build.0 = Release|Any CPU
		{8E50DD83-09E3-43DA-BF07-4E1E27A41F19}.Release|iPhoneSimulator.Deploy.0 = Release|Any CPU
		{8E50DD83-09E3-43DA-BF07-4E1E27A41F19}.Release|x64.ActiveCfg = Release|Any CPU
		{8E50DD83-09E3-43DA-BF07-4E1E27A41F19}.Release|x64.Build.0 = Release|Any CPU
		{8E50DD83-09E3-43DA-BF07-4E1E27A41F19}.Release|x64.Deploy.0 = Release|Any CPU
		{8E50DD83-09E3-43DA-BF07-4E1E27A41F19}.Release|x86.ActiveCfg = Release|Any CPU
		{8E50DD83-09E3-43DA-BF07-4E1E27A41F19}.Release|x86.Build.0 = Release|Any CPU
		{8E50DD83-09E3-43DA-BF07-4E1E27A41F19}.Release|x86.Deploy.0 = Release|Any CPU
		{35F1167D-8DA5-4DE5-AB32-BD865DE768DD}.Ad-Hoc|Any CPU.ActiveCfg = Ad-Hoc|iPhone
		{35F1167D-8DA5-4DE5-AB32-BD865DE768DD}.Ad-Hoc|ARM.ActiveCfg = Ad-Hoc|iPhone
		{35F1167D-8DA5-4DE5-AB32-BD865DE768DD}.Ad-Hoc|iPhone.ActiveCfg = Ad-Hoc|iPhone
		{35F1167D-8DA5-4DE5-AB32-BD865DE768DD}.Ad-Hoc|iPhone.Build.0 = Ad-Hoc|iPhone
		{35F1167D-8DA5-4DE5-AB32-BD865DE768DD}.Ad-Hoc|iPhoneSimulator.ActiveCfg = Ad-Hoc|iPhoneSimulator
		{35F1167D-8DA5-4DE5-AB32-BD865DE768DD}.Ad-Hoc|iPhoneSimulator.Build.0 = Ad-Hoc|iPhoneSimulator
		{35F1167D-8DA5-4DE5-AB32-BD865DE768DD}.Ad-Hoc|x64.ActiveCfg = Ad-Hoc|iPhone
		{35F1167D-8DA5-4DE5-AB32-BD865DE768DD}.Ad-Hoc|x86.ActiveCfg = Ad-Hoc|iPhone
		{35F1167D-8DA5-4DE5-AB32-BD865DE768DD}.AppStore|Any CPU.ActiveCfg = AppStore|iPhone
		{35F1167D-8DA5-4DE5-AB32-BD865DE768DD}.AppStore|ARM.ActiveCfg = AppStore|iPhone
		{35F1167D-8DA5-4DE5-AB32-BD865DE768DD}.AppStore|iPhone.ActiveCfg = AppStore|iPhone
		{35F1167D-8DA5-4DE5-AB32-BD865DE768DD}.AppStore|iPhone.Build.0 = AppStore|iPhone
		{35F1167D-8DA5-4DE5-AB32-BD865DE768DD}.AppStore|iPhoneSimulator.ActiveCfg = AppStore|iPhoneSimulator
		{35F1167D-8DA5-4DE5-AB32-BD865DE768DD}.AppStore|iPhoneSimulator.Build.0 = AppStore|iPhoneSimulator
		{35F1167D-8DA5-4DE5-AB32-BD865DE768DD}.AppStore|x64.ActiveCfg = AppStore|iPhone
		{35F1167D-8DA5-4DE5-AB32-BD865DE768DD}.AppStore|x86.ActiveCfg = AppStore|iPhone
		{35F1167D-8DA5-4DE5-AB32-BD865DE768DD}.Debug|Any CPU.ActiveCfg = Debug|iPhone
		{35F1167D-8DA5-4DE5-AB32-BD865DE768DD}.Debug|ARM.ActiveCfg = Debug|iPhone
		{35F1167D-8DA5-4DE5-AB32-BD865DE768DD}.Debug|iPhone.ActiveCfg = Debug|iPhone
		{35F1167D-8DA5-4DE5-AB32-BD865DE768DD}.Debug|iPhone.Build.0 = Debug|iPhone
		{35F1167D-8DA5-4DE5-AB32-BD865DE768DD}.Debug|iPhoneSimulator.ActiveCfg = Debug|iPhoneSimulator
		{35F1167D-8DA5-4DE5-AB32-BD865DE768DD}.Debug|iPhoneSimulator.Build.0 = Debug|iPhoneSimulator
		{35F1167D-8DA5-4DE5-AB32-BD865DE768DD}.Debug|x64.ActiveCfg = Debug|iPhone
		{35F1167D-8DA5-4DE5-AB32-BD865DE768DD}.Debug|x86.ActiveCfg = Debug|iPhone
		{35F1167D-8DA5-4DE5-AB32-BD865DE768DD}.Release|Any CPU.ActiveCfg = Release|iPhone
		{35F1167D-8DA5-4DE5-AB32-BD865DE768DD}.Release|ARM.ActiveCfg = Release|iPhone
		{35F1167D-8DA5-4DE5-AB32-BD865DE768DD}.Release|iPhone.ActiveCfg = Release|iPhone
		{35F1167D-8DA5-4DE5-AB32-BD865DE768DD}.Release|iPhone.Build.0 = Release|iPhone
		{35F1167D-8DA5-4DE5-AB32-BD865DE768DD}.Release|iPhoneSimulator.ActiveCfg = Release|iPhoneSimulator
		{35F1167D-8DA5-4DE5-AB32-BD865DE768DD}.Release|iPhoneSimulator.Build.0 = Release|iPhoneSimulator
		{35F1167D-8DA5-4DE5-AB32-BD865DE768DD}.Release|x64.ActiveCfg = Release|iPhone
		{35F1167D-8DA5-4DE5-AB32-BD865DE768DD}.Release|x86.ActiveCfg = Release|iPhone
		{0CFDD1FA-D07C-4437-88EE-E9388F5718E3}.Ad-Hoc|Any CPU.ActiveCfg = Release|x86
		{0CFDD1FA-D07C-4437-88EE-E9388F5718E3}.Ad-Hoc|Any CPU.Build.0 = Release|x86
		{0CFDD1FA-D07C-4437-88EE-E9388F5718E3}.Ad-Hoc|Any CPU.Deploy.0 = Release|x86
		{0CFDD1FA-D07C-4437-88EE-E9388F5718E3}.Ad-Hoc|ARM.ActiveCfg = Release|ARM
		{0CFDD1FA-D07C-4437-88EE-E9388F5718E3}.Ad-Hoc|ARM.Build.0 = Release|ARM
		{0CFDD1FA-D07C-4437-88EE-E9388F5718E3}.Ad-Hoc|ARM.Deploy.0 = Release|ARM
		{0CFDD1FA-D07C-4437-88EE-E9388F5718E3}.Ad-Hoc|iPhone.ActiveCfg = Release|x86
		{0CFDD1FA-D07C-4437-88EE-E9388F5718E3}.Ad-Hoc|iPhone.Build.0 = Release|x86
		{0CFDD1FA-D07C-4437-88EE-E9388F5718E3}.Ad-Hoc|iPhone.Deploy.0 = Release|x86
		{0CFDD1FA-D07C-4437-88EE-E9388F5718E3}.Ad-Hoc|iPhoneSimulator.ActiveCfg = Release|x86
		{0CFDD1FA-D07C-4437-88EE-E9388F5718E3}.Ad-Hoc|iPhoneSimulator.Build.0 = Release|x86
		{0CFDD1FA-D07C-4437-88EE-E9388F5718E3}.Ad-Hoc|iPhoneSimulator.Deploy.0 = Release|x86
		{0CFDD1FA-D07C-4437-88EE-E9388F5718E3}.Ad-Hoc|x64.ActiveCfg = Release|x64
		{0CFDD1FA-D07C-4437-88EE-E9388F5718E3}.Ad-Hoc|x64.Build.0 = Release|x64
		{0CFDD1FA-D07C-4437-88EE-E9388F5718E3}.Ad-Hoc|x64.Deploy.0 = Release|x64
		{0CFDD1FA-D07C-4437-88EE-E9388F5718E3}.Ad-Hoc|x86.ActiveCfg = Release|x86
		{0CFDD1FA-D07C-4437-88EE-E9388F5718E3}.Ad-Hoc|x86.Build.0 = Release|x86
		{0CFDD1FA-D07C-4437-88EE-E9388F5718E3}.Ad-Hoc|x86.Deploy.0 = Release|x86
		{0CFDD1FA-D07C-4437-88EE-E9388F5718E3}.AppStore|Any CPU.ActiveCfg = Release|x86
		{0CFDD1FA-D07C-4437-88EE-E9388F5718E3}.AppStore|Any CPU.Build.0 = Release|x86
		{0CFDD1FA-D07C-4437-88EE-E9388F5718E3}.AppStore|Any CPU.Deploy.0 = Release|x86
		{0CFDD1FA-D07C-4437-88EE-E9388F5718E3}.AppStore|ARM.ActiveCfg = Release|ARM
		{0CFDD1FA-D07C-4437-88EE-E9388F5718E3}.AppStore|ARM.Build.0 = Release|ARM
		{0CFDD1FA-D07C-4437-88EE-E9388F5718E3}.AppStore|ARM.Deploy.0 = Release|ARM
		{0CFDD1FA-D07C-4437-88EE-E9388F5718E3}.AppStore|iPhone.ActiveCfg = Release|x86
		{0CFDD1FA-D07C-4437-88EE-E9388F5718E3}.AppStore|iPhone.Build.0 = Release|x86
		{0CFDD1FA-D07C-4437-88EE-E9388F5718E3}.AppStore|iPhone.Deploy.0 = Release|x86
		{0CFDD1FA-D07C-4437-88EE-E9388F5718E3}.AppStore|iPhoneSimulator.ActiveCfg = Release|x86
		{0CFDD1FA-D07C-4437-88EE-E9388F5718E3}.AppStore|iPhoneSimulator.Build.0 = Release|x86
		{0CFDD1FA-D07C-4437-88EE-E9388F5718E3}.AppStore|iPhoneSimulator.Deploy.0 = Release|x86
		{0CFDD1FA-D07C-4437-88EE-E9388F5718E3}.AppStore|x64.ActiveCfg = Release|x64
		{0CFDD1FA-D07C-4437-88EE-E9388F5718E3}.AppStore|x64.Build.0 = Release|x64
		{0CFDD1FA-D07C-4437-88EE-E9388F5718E3}.AppStore|x64.Deploy.0 = Release|x64
		{0CFDD1FA-D07C-4437-88EE-E9388F5718E3}.AppStore|x86.ActiveCfg = Release|x86
		{0CFDD1FA-D07C-4437-88EE-E9388F5718E3}.AppStore|x86.Build.0 = Release|x86
		{0CFDD1FA-D07C-4437-88EE-E9388F5718E3}.AppStore|x86.Deploy.0 = Release|x86
		{0CFDD1FA-D07C-4437-88EE-E9388F5718E3}.Debug|Any CPU.ActiveCfg = Debug|x86
		{0CFDD1FA-D07C-4437-88EE-E9388F5718E3}.Debug|ARM.ActiveCfg = Debug|ARM
		{0CFDD1FA-D07C-4437-88EE-E9388F5718E3}.Debug|ARM.Build.0 = Debug|ARM
		{0CFDD1FA-D07C-4437-88EE-E9388F5718E3}.Debug|ARM.Deploy.0 = Debug|ARM
		{0CFDD1FA-D07C-4437-88EE-E9388F5718E3}.Debug|iPhone.ActiveCfg = Debug|x86
		{0CFDD1FA-D07C-4437-88EE-E9388F5718E3}.Debug|iPhoneSimulator.ActiveCfg = Debug|x86
		{0CFDD1FA-D07C-4437-88EE-E9388F5718E3}.Debug|x64.ActiveCfg = Debug|x64
		{0CFDD1FA-D07C-4437-88EE-E9388F5718E3}.Debug|x64.Build.0 = Debug|x64
		{0CFDD1FA-D07C-4437-88EE-E9388F5718E3}.Debug|x64.Deploy.0 = Debug|x64
		{0CFDD1FA-D07C-4437-88EE-E9388F5718E3}.Debug|x86.ActiveCfg = Debug|x86
		{0CFDD1FA-D07C-4437-88EE-E9388F5718E3}.Debug|x86.Build.0 = Debug|x86
		{0CFDD1FA-D07C-4437-88EE-E9388F5718E3}.Debug|x86.Deploy.0 = Debug|x86
		{0CFDD1FA-D07C-4437-88EE-E9388F5718E3}.Release|Any CPU.ActiveCfg = Release|x86
		{0CFDD1FA-D07C-4437-88EE-E9388F5718E3}.Release|ARM.ActiveCfg = Release|ARM
		{0CFDD1FA-D07C-4437-88EE-E9388F5718E3}.Release|ARM.Build.0 = Release|ARM
		{0CFDD1FA-D07C-4437-88EE-E9388F5718E3}.Release|ARM.Deploy.0 = Release|ARM
		{0CFDD1FA-D07C-4437-88EE-E9388F5718E3}.Release|iPhone.ActiveCfg = Release|x86
		{0CFDD1FA-D07C-4437-88EE-E9388F5718E3}.Release|iPhoneSimulator.ActiveCfg = Release|x86
		{0CFDD1FA-D07C-4437-88EE-E9388F5718E3}.Release|x64.ActiveCfg = Release|x64
		{0CFDD1FA-D07C-4437-88EE-E9388F5718E3}.Release|x64.Build.0 = Release|x64
		{0CFDD1FA-D07C-4437-88EE-E9388F5718E3}.Release|x64.Deploy.0 = Release|x64
		{0CFDD1FA-D07C-4437-88EE-E9388F5718E3}.Release|x86.ActiveCfg = Release|x86
		{0CFDD1FA-D07C-4437-88EE-E9388F5718E3}.Release|x86.Build.0 = Release|x86
		{0CFDD1FA-D07C-4437-88EE-E9388F5718E3}.Release|x86.Deploy.0 = Release|x86
	EndGlobalSection
	GlobalSection(SolutionProperties) = preSolution
		HideSolutionNode = FALSE
	EndGlobalSection
EndGlobal
